
Microsoft Visual Studio Solution File, Format Version 12.00
# Visual Studio 15
VisualStudioVersion = 15.0.27703.2035
MinimumVisualStudioVersion = 10.0.40219.1
Project("{9A19103F-16F7-4668-BE54-9A1E7A4F7556}") = "InitApp.API", "InitApp.API\InitApp.API.csproj", "{9B98BF7B-8800-4854-8F46-1F72E269A8CB}"
EndProject
Project("{9A19103F-16F7-4668-BE54-9A1E7A4F7556}") = "InitApp.AppService", "InitApp.AppService\InitApp.AppService.csproj", "{04A92A91-A156-4AE1-8B3F-5C341F59CC04}"
EndProject
Project("{9A19103F-16F7-4668-BE54-9A1E7A4F7556}") = "InitApp.Domain", "InitApp.Domain\InitApp.Domain.csproj", "{671B2061-3679-4C91-8BC2-7242DAE85B32}"
EndProject
Project("{9A19103F-16F7-4668-BE54-9A1E7A4F7556}") = "InitApp.Infrastructure", "InitApp.Infrastructure\InitApp.Infrastructure.csproj", "{2CC5E3A5-DBE1-4626-8551-C669F4FA29CF}"
EndProject
Project("{9A19103F-16F7-4668-BE54-9A1E7A4F7556}") = "InitApp.Models", "InitApp.Models\InitApp.Models.csproj", "{8B79F413-0A38-4480-A469-25FEBBB33072}"
EndProject
Project("{9A19103F-16F7-4668-BE54-9A1E7A4F7556}") = "InitAppWEB", "InitAppWEB\InitAppWEB.csproj", "{C2BB12AC-5BD8-451C-9A28-2B705E680FE0}"
EndProject
Project("{FAE04EC0-301F-11D3-BF4B-00C04F79EFBC}") = "Common.Infrastructure", "Common.Infrastructure\Common.Infrastructure.csproj", "{932F14F4-1637-4796-97D7-6D0FCE740B76}"
EndProject
Global
	GlobalSection(SolutionConfigurationPlatforms) = preSolution
		Debug|Any CPU = Debug|Any CPU
		Release|Any CPU = Release|Any CPU
	EndGlobalSection
	GlobalSection(ProjectConfigurationPlatforms) = postSolution
		{9B98BF7B-8800-4854-8F46-1F72E269A8CB}.Debug|Any CPU.ActiveCfg = Debug|Any CPU
		{9B98BF7B-8800-4854-8F46-1F72E269A8CB}.Debug|Any CPU.Build.0 = Debug|Any CPU
		{9B98BF7B-8800-4854-8F46-1F72E269A8CB}.Release|Any CPU.ActiveCfg = Release|Any CPU
		{9B98BF7B-8800-4854-8F46-1F72E269A8CB}.Release|Any CPU.Build.0 = Release|Any CPU
		{04A92A91-A156-4AE1-8B3F-5C341F59CC04}.Debug|Any CPU.ActiveCfg = Debug|Any CPU
		{04A92A91-A156-4AE1-8B3F-5C341F59CC04}.Debug|Any CPU.Build.0 = Debug|Any CPU
		{04A92A91-A156-4AE1-8B3F-5C341F59CC04}.Release|Any CPU.ActiveCfg = Release|Any CPU
		{04A92A91-A156-4AE1-8B3F-5C341F59CC04}.Release|Any CPU.Build.0 = Release|Any CPU
		{671B2061-3679-4C91-8BC2-7242DAE85B32}.Debug|Any CPU.ActiveCfg = Debug|Any CPU
		{671B2061-3679-4C91-8BC2-7242DAE85B32}.Debug|Any CPU.Build.0 = Debug|Any CPU
		{671B2061-3679-4C91-8BC2-7242DAE85B32}.Release|Any CPU.ActiveCfg = Release|Any CPU
		{671B2061-3679-4C91-8BC2-7242DAE85B32}.Release|Any CPU.Build.0 = Release|Any CPU
		{2CC5E3A5-DBE1-4626-8551-C669F4FA29CF}.Debug|Any CPU.ActiveCfg = Debug|Any CPU
		{2CC5E3A5-DBE1-4626-8551-C669F4FA29CF}.Debug|Any CPU.Build.0 = Debug|Any CPU
		{2CC5E3A5-DBE1-4626-8551-C669F4FA29CF}.Release|Any CPU.ActiveCfg = Release|Any CPU
		{2CC5E3A5-DBE1-4626-8551-C669F4FA29CF}.Release|Any CPU.Build.0 = Release|Any CPU
		{8B79F413-0A38-4480-A469-25FEBBB33072}.Debug|Any CPU.ActiveCfg = Debug|Any CPU
		{8B79F413-0A38-4480-A469-25FEBBB33072}.Debug|Any CPU.Build.0 = Debug|Any CPU
		{8B79F413-0A38-4480-A469-25FEBBB33072}.Release|Any CPU.ActiveCfg = Release|Any CPU
		{8B79F413-0A38-4480-A469-25FEBBB33072}.Release|Any CPU.Build.0 = Release|Any CPU
		{C2BB12AC-5BD8-451C-9A28-2B705E680FE0}.Debug|Any CPU.ActiveCfg = Debug|Any CPU
		{C2BB12AC-5BD8-451C-9A28-2B705E680FE0}.Debug|Any CPU.Build.0 = Debug|Any CPU
		{C2BB12AC-5BD8-451C-9A28-2B705E680FE0}.Release|Any CPU.ActiveCfg = Release|Any CPU
		{C2BB12AC-5BD8-451C-9A28-2B705E680FE0}.Release|Any CPU.Build.0 = Release|Any CPU
		{932F14F4-1637-4796-97D7-6D0FCE740B76}.Debug|Any CPU.ActiveCfg = Debug|Any CPU
		{932F14F4-1637-4796-97D7-6D0FCE740B76}.Debug|Any CPU.Build.0 = Debug|Any CPU
		{932F14F4-1637-4796-97D7-6D0FCE740B76}.Release|Any CPU.ActiveCfg = Release|Any CPU
		{932F14F4-1637-4796-97D7-6D0FCE740B76}.Release|Any CPU.Build.0 = Release|Any CPU
	EndGlobalSection
	GlobalSection(SolutionProperties) = preSolution
		HideSolutionNode = FALSE
	EndGlobalSection
	GlobalSection(ExtensibilityGlobals) = postSolution
		SolutionGuid = {67179CF4-3479-4EC6-AA16-42681643A0A5}
	EndGlobalSection
EndGlobal
